
Microsoft Visual Studio Solution File, Format Version 12.00
# Visual Studio 2013
VisualStudioVersion = 12.0.21126.0
MinimumVisualStudioVersion = 10.0.40219.1
Project("{FAE04EC0-301F-11D3-BF4B-00C04F79EFBC}") = "BodyColorSource", "BodyColorSource.csproj", "{CC985AAB-AED5-4DEC-998D-212A3D720EC6}"
EndProject
Project("{FAE04EC0-301F-11D3-BF4B-00C04F79EFBC}") = "WriteableBitmapEx", "WriteableBitmapEx\WriteableBitmapEx.csproj", "{52685072-34E1-4AC9-8E10-40DA34E49512}"
EndProject
Project("{FAE04EC0-301F-11D3-BF4B-00C04F79EFBC}") = "TryingRenderTargetBitmap", "TryingRenderTargetBitmap\TryingRenderTargetBitmap.csproj", "{CD5B5F9C-6305-4026-9C1C-E38FBF4C66E8}"
EndProject
Global
	GlobalSection(TeamFoundationVersionControl) = preSolution
		SccNumberOfProjects = 4
		SccEnterpriseProvider = {4CA58AB2-18FA-4F8D-95D4-32DDF27D184C}
		SccTeamFoundationServer = https://zubairdotnet.visualstudio.com/defaultcollection
		SccLocalPath0 = .
		SccProjectUniqueName1 = BodyColorSource.csproj
		SccLocalPath1 = .
		SccProjectUniqueName2 = WriteableBitmapEx\\WriteableBitmapEx.csproj
		SccProjectName2 = WriteableBitmapEx
		SccLocalPath2 = WriteableBitmapEx
		SccProjectUniqueName3 = TryingRenderTargetBitmap\\TryingRenderTargetBitmap.csproj
		SccProjectName3 = TryingRenderTargetBitmap
		SccLocalPath3 = TryingRenderTargetBitmap
	EndGlobalSection
	GlobalSection(SolutionConfigurationPlatforms) = preSolution
		Debug|Any CPU = Debug|Any CPU
		Release|Any CPU = Release|Any CPU
	EndGlobalSection
	GlobalSection(ProjectConfigurationPlatforms) = postSolution
		{CC985AAB-AED5-4DEC-998D-212A3D720EC6}.Debug|Any CPU.ActiveCfg = Debug|Any CPU
		{CC985AAB-AED5-4DEC-998D-212A3D720EC6}.Debug|Any CPU.Build.0 = Debug|Any CPU
		{CC985AAB-AED5-4DEC-998D-212A3D720EC6}.Release|Any CPU.ActiveCfg = Release|Any CPU
		{CC985AAB-AED5-4DEC-998D-212A3D720EC6}.Release|Any CPU.Build.0 = Release|Any CPU
		{52685072-34E1-4AC9-8E10-40DA34E49512}.Debug|Any CPU.ActiveCfg = Debug|Any CPU
		{52685072-34E1-4AC9-8E10-40DA34E49512}.Debug|Any CPU.Build.0 = Debug|Any CPU
		{52685072-34E1-4AC9-8E10-40DA34E49512}.Release|Any CPU.ActiveCfg = Release|Any CPU
		{52685072-34E1-4AC9-8E10-40DA34E49512}.Release|Any CPU.Build.0 = Release|Any CPU
		{CD5B5F9C-6305-4026-9C1C-E38FBF4C66E8}.Debug|Any CPU.ActiveCfg = Debug|Any CPU
		{CD5B5F9C-6305-4026-9C1C-E38FBF4C66E8}.Debug|Any CPU.Build.0 = Debug|Any CPU
		{CD5B5F9C-6305-4026-9C1C-E38FBF4C66E8}.Release|Any CPU.ActiveCfg = Release|Any CPU
		{CD5B5F9C-6305-4026-9C1C-E38FBF4C66E8}.Release|Any CPU.Build.0 = Release|Any CPU
	EndGlobalSection
	GlobalSection(SolutionProperties) = preSolution
		HideSolutionNode = FALSE
	EndGlobalSection
EndGlobal
